
Microsoft Visual Studio Solution File, Format Version 12.00
# Visual Studio Version 17
VisualStudioVersion = 17.0.32126.317
MinimumVisualStudioVersion = 10.0.40219.1
Project("{FAE04EC0-301F-11D3-BF4B-00C04F79EFBC}") = "OpenIdict", "OpenIdict.csproj", "{04933912-F832-4CF7-98FA-141BB0B1D3F4}"
EndProject
Global
	GlobalSection(SolutionConfigurationPlatforms) = preSolution
		Debug|Any CPU = Debug|Any CPU
		Release|Any CPU = Release|Any CPU
	EndGlobalSection
	GlobalSection(ProjectConfigurationPlatforms) = postSolution
		{04933912-F832-4CF7-98FA-141BB0B1D3F4}.Debug|Any CPU.ActiveCfg = Debug|Any CPU
		{04933912-F832-4CF7-98FA-141BB0B1D3F4}.Debug|Any CPU.Build.0 = Debug|Any CPU
		{04933912-F832-4CF7-98FA-141BB0B1D3F4}.Release|Any CPU.ActiveCfg = Release|Any CPU
		{04933912-F832-4CF7-98FA-141BB0B1D3F4}.Release|Any CPU.Build.0 = Release|Any CPU
	EndGlobalSection
	GlobalSection(SolutionProperties) = preSolution
		HideSolutionNode = FALSE
	EndGlobalSection
	GlobalSection(ExtensibilityGlobals) = postSolution
		SolutionGuid = {709FF6F0-3B92-421C-9C79-DD2F62B399CA}
	EndGlobalSection
EndGlobal
