
Microsoft Visual Studio Solution File, Format Version 12.00
Project("{FAE04EC0-301F-11D3-BF4B-00C04F79EFBC}") = "ItisMicrosevices.Gateway", "ItisMicrosevices.Gateway\ItisMicrosevices.Gateway.csproj", "{84AA6226-AEC2-4872-9552-95C4EE510276}"
EndProject
Global
	GlobalSection(SolutionConfigurationPlatforms) = preSolution
		Debug|Any CPU = Debug|Any CPU
		Release|Any CPU = Release|Any CPU
	EndGlobalSection
	GlobalSection(ProjectConfigurationPlatforms) = postSolution
		{84AA6226-AEC2-4872-9552-95C4EE510276}.Debug|Any CPU.ActiveCfg = Debug|Any CPU
		{84AA6226-AEC2-4872-9552-95C4EE510276}.Debug|Any CPU.Build.0 = Debug|Any CPU
		{84AA6226-AEC2-4872-9552-95C4EE510276}.Release|Any CPU.ActiveCfg = Release|Any CPU
		{84AA6226-AEC2-4872-9552-95C4EE510276}.Release|Any CPU.Build.0 = Release|Any CPU
	EndGlobalSection
EndGlobal
